PODS:
  - Alamofire (4.5.1)
  - AlamofireSwiftyJSON (1.0.0):
    - Alamofire (~> 4.0)
    - SwiftyJSON (~> 3.0)
  - CocoaLumberjack/Default (3.2.1)
  - CocoaLumberjack/Swift (3.2.1):
    - CocoaLumberjack/Default
  - Mapbox-iOS-SDK (3.6.4)
  - SwiftyJSON (3.1.4)

DEPENDENCIES:
  - AlamofireSwiftyJSON
  - CocoaLumberjack/Swift (from `https://github.com/CocoaLumberjack/CocoaLumberjack`, branch `master`)
  - Mapbox-iOS-SDK

EXTERNAL SOURCES:
  CocoaLumberjack:
    :branch: master
    :git: https://github.com/CocoaLumberjack/CocoaLumberjack

CHECKOUT OPTIONS:
  CocoaLumberjack:
    :commit: f4294a13470d43260569d62aac6e1009fbef491a
    :git: https://github.com/CocoaLumberjack/CocoaLumberjack

SPEC CHECKSUMS:
  Alamofire: 2d95912bf4c34f164fdfc335872e8c312acaea4a
  AlamofireSwiftyJSON: 78908b766483a28aa5cc90fd191a687467042973
  CocoaLumberjack: 520616f8e72226ca2c729b43981b66bc483745ce
  Mapbox-iOS-SDK: 47847dd44285477e0dfffd0130f65c8a52823ada
  SwiftyJSON: c2842d878f95482ffceec5709abc3d05680c0220

PODFILE CHECKSUM: de49009947665df59c3e8399b35c779a2ab5c3f2

COCOAPODS: 1.3.1
