// !$*UTF8*$!
{
	archiveVersion = 1;
	classes = {
	};
	objectVersion = 48;
	objects = {

/* Begin PBXBuildFile section */
		49A3FBE81F09988100AA59C8 /* LaunchScreen.storyboard in Resources */ = {isa = PBXBuildFile; fileRef = 49A3FBE61F09988100AA59C8 /* LaunchScreen.storyboard */; };
		A475237D2103BBF700AA72A1 /* Helpers in Resources */ = {isa = PBXBuildFile; fileRef = A475237C2103BBF600AA72A1 /* Helpers */; };
		A47523802103CC1D00AA72A1 /* SceneLocationView.swift in Sources */ = {isa = PBXBuildFile; fileRef = 49A3FBF61F099C8100AA59C8 /* SceneLocationView.swift */; };
		A47523812103CC1D00AA72A1 /* LocationNode.swift in Sources */ = {isa = PBXBuildFile; fileRef = 49A3FBFE1F09B1D200AA59C8 /* LocationNode.swift */; };
		A47523822103CC1D00AA72A1 /* UIImage-Extension.swift in Sources */ = {isa = PBXBuildFile; fileRef = C3452AEA1F2FBD7100389E0A /* UIImage-Extension.swift */; };
		A47523832103CC1D00AA72A1 /* SceneLocationEstimate.swift in Sources */ = {isa = PBXBuildFile; fileRef = 49A3FC001F09B9CF00AA59C8 /* SceneLocationEstimate.swift */; };
		A47523842103CC1D00AA72A1 /* SceneLocationEstimate+Extensions.swift in Sources */ = {isa = PBXBuildFile; fileRef = 4901EF041F1B7D560067870D /* SceneLocationEstimate+Extensions.swift */; };
		A47523852103CC1D00AA72A1 /* LocationManager.swift in Sources */ = {isa = PBXBuildFile; fileRef = 49A3FBF41F099A5F00AA59C8 /* LocationManager.swift */; };
		A47523862103CC1D00AA72A1 /* CLLocation+Extensions.swift in Sources */ = {isa = PBXBuildFile; fileRef = 49A3FBFC1F09B00400AA59C8 /* CLLocation+Extensions.swift */; };
		A47523872103CC1D00AA72A1 /* SCNVector3+Extensions.swift in Sources */ = {isa = PBXBuildFile; fileRef = 49099E381F24BAE5007B76FD /* SCNVector3+Extensions.swift */; };
		A47523882103CC1D00AA72A1 /* MBXCompassMapView.swift in Sources */ = {isa = PBXBuildFile; fileRef = C360F7E31F7EAF8100486670 /* MBXCompassMapView.swift */; };
		A475238A2103CC1D00AA72A1 /* FloatingPoint+Radians.swift in Sources */ = {isa = PBXBuildFile; fileRef = 49A3FC021F09BADB00AA59C8 /* FloatingPoint+Radians.swift */; };
		A475238B2103CC1D00AA72A1 /* CGPoint+Extensions.swift in Sources */ = {isa = PBXBuildFile; fileRef = 49A3FC041F0A423800AA59C8 /* CGPoint+Extensions.swift */; };
		A475238C2103CC1D00AA72A1 /* SCNNode+Extensions.swift in Sources */ = {isa = PBXBuildFile; fileRef = 49D206F21F124BDD00D7D622 /* SCNNode+Extensions.swift */; };
		A475238D2103D1F700AA72A1 /* FSQView.swift in Sources */ = {isa = PBXBuildFile; fileRef = C3452AE71F2FBD2600389E0A /* FSQView.swift */; };
		A4A70ECE2103D8FF00AED75C /* AppDelegate.swift in Sources */ = {isa = PBXBuildFile; fileRef = 49A3FBDB1F09988100AA59C8 /* AppDelegate.swift */; };
		A4A70ECF2103D8FF00AED75C /* ViewController.swift in Sources */ = {isa = PBXBuildFile; fileRef = 49A3FBDF1F09988100AA59C8 /* ViewController.swift */; };
		C3452AE61F2F9F7700389E0A /* FSQView.xib in Resources */ = {isa = PBXBuildFile; fileRef = C3452AE51F2F9F7700389E0A /* FSQView.xib */; };
		C3452AEE1F30E8F300389E0A /* Assets.xcassets in Resources */ = {isa = PBXBuildFile; fileRef = C3452AED1F30E8F300389E0A /* Assets.xcassets */; };
		C360F7E11F7EAEDB00486670 /* Pods_FoursquareARCamera.framework in Frameworks */ = {isa = PBXBuildFile; fileRef = C360F7E21F7EAEDB00486670 /* Pods_FoursquareARCamera.framework */; };
/* End PBXBuildFile section */

/* Begin PBXFileReference section */
		359749B04AFDD68C056A44D3 /* Pods-FoursquareARCamera.debug.xcconfig */ = {isa = PBXFileReference; includeInIndex = 1; lastKnownFileType = text.xcconfig; name = "Pods-FoursquareARCamera.debug.xcconfig"; path = "Pods/Target Support Files/Pods-FoursquareARCamera/Pods-FoursquareARCamera.debug.xcconfig"; sourceTree = "<group>"; };
		4901EF041F1B7D560067870D /* SceneLocationEstimate+Extensions.swift */ = {isa = PBXFileReference; lastKnownFileType = sourcecode.swift; path = "SceneLocationEstimate+Extensions.swift"; sourceTree = "<group>"; };
		49099E381F24BAE5007B76FD /* SCNVector3+Extensions.swift */ = {isa = PBXFileReference; lastKnownFileType = sourcecode.swift; path = "SCNVector3+Extensions.swift"; sourceTree = "<group>"; };
		49A3FBD81F09988100AA59C8 /* FoursquareARCamera.app */ = {isa = PBXFileReference; explicitFileType = wrapper.application; includeInIndex = 0; path = FoursquareARCamera.app; sourceTree = BUILT_PRODUCTS_DIR; };
		49A3FBDB1F09988100AA59C8 /* AppDelegate.swift */ = {isa = PBXFileReference; lastKnownFileType = sourcecode.swift; path = AppDelegate.swift; sourceTree = "<group>"; };
		49A3FBDF1F09988100AA59C8 /* ViewController.swift */ = {isa = PBXFileReference; lastKnownFileType = sourcecode.swift; path = ViewController.swift; sourceTree = "<group>"; };
		49A3FBE71F09988100AA59C8 /* Base */ = {isa = PBXFileReference; lastKnownFileType = file.storyboard; name = Base; path = Base.lproj/LaunchScreen.storyboard; sourceTree = "<group>"; };
		49A3FBE91F09988100AA59C8 /* Info.plist */ = {isa = PBXFileReference; lastKnownFileType = text.plist.xml; path = Info.plist; sourceTree = "<group>"; };
		49A3FBF41F099A5F00AA59C8 /* LocationManager.swift */ = {isa = PBXFileReference; lastKnownFileType = sourcecode.swift; path = LocationManager.swift; sourceTree = "<group>"; };
		49A3FBF61F099C8100AA59C8 /* SceneLocationView.swift */ = {isa = PBXFileReference; lastKnownFileType = sourcecode.swift; path = SceneLocationView.swift; sourceTree = "<group>"; };
		49A3FBFC1F09B00400AA59C8 /* CLLocation+Extensions.swift */ = {isa = PBXFileReference; lastKnownFileType = sourcecode.swift; path = "CLLocation+Extensions.swift"; sourceTree = "<group>"; };
		49A3FBFE1F09B1D200AA59C8 /* LocationNode.swift */ = {isa = PBXFileReference; lastKnownFileType = sourcecode.swift; path = LocationNode.swift; sourceTree = "<group>"; };
		49A3FC001F09B9CF00AA59C8 /* SceneLocationEstimate.swift */ = {isa = PBXFileReference; lastKnownFileType = sourcecode.swift; path = SceneLocationEstimate.swift; sourceTree = "<group>"; };
		49A3FC021F09BADB00AA59C8 /* FloatingPoint+Radians.swift */ = {isa = PBXFileReference; lastKnownFileType = sourcecode.swift; path = "FloatingPoint+Radians.swift"; sourceTree = "<group>"; };
		49A3FC041F0A423800AA59C8 /* CGPoint+Extensions.swift */ = {isa = PBXFileReference; lastKnownFileType = sourcecode.swift; path = "CGPoint+Extensions.swift"; sourceTree = "<group>"; };
		49D206F21F124BDD00D7D622 /* SCNNode+Extensions.swift */ = {isa = PBXFileReference; lastKnownFileType = sourcecode.swift; path = "SCNNode+Extensions.swift"; sourceTree = "<group>"; };
		538ACD0633ADC285954D8A5D /* Pods_FoursquareARCamera.framework */ = {isa = PBXFileReference; explicitFileType = wrapper.framework; includeInIndex = 0; path = Pods_FoursquareARCamera.framework; sourceTree = BUILT_PRODUCTS_DIR; };
		6014FD86770301DB285D988E /* Pods-FoursquareARCamera.release.xcconfig */ = {isa = PBXFileReference; includeInIndex = 1; lastKnownFileType = text.xcconfig; name = "Pods-FoursquareARCamera.release.xcconfig"; path = "Pods/Target Support Files/Pods-FoursquareARCamera/Pods-FoursquareARCamera.release.xcconfig"; sourceTree = "<group>"; };
		6C10523EF85AA6B7CDF962AD /* Pods_ARKit_CoreLocation.framework */ = {isa = PBXFileReference; explicitFileType = wrapper.framework; includeInIndex = 0; path = Pods_ARKit_CoreLocation.framework; sourceTree = BUILT_PRODUCTS_DIR; };
		A475237C2103BBF600AA72A1 /* Helpers */ = {isa = PBXFileReference; lastKnownFileType = folder; path = Helpers; sourceTree = "<group>"; };
		C3452AE51F2F9F7700389E0A /* FSQView.xib */ = {isa = PBXFileReference; fileEncoding = 4; lastKnownFileType = file.xib; path = FSQView.xib; sourceTree = "<group>"; };
		C3452AE71F2FBD2600389E0A /* FSQView.swift */ = {isa = PBXFileReference; lastKnownFileType = sourcecode.swift; path = FSQView.swift; sourceTree = "<group>"; };
		C3452AEA1F2FBD7100389E0A /* UIImage-Extension.swift */ = {isa = PBXFileReference; lastKnownFileType = sourcecode.swift; path = "UIImage-Extension.swift"; sourceTree = "<group>"; };
		C3452AEC1F2FBF3A00389E0A /* QuartzCore.framework */ = {isa = PBXFileReference; lastKnownFileType = wrapper.framework; name = QuartzCore.framework; path = System/Library/Frameworks/QuartzCore.framework; sourceTree = SDKROOT; };
		C3452AED1F30E8F300389E0A /* Assets.xcassets */ = {isa = PBXFileReference; lastKnownFileType = folder.assetcatalog; path = Assets.xcassets; sourceTree = "<group>"; };
		C360F7E21F7EAEDB00486670 /* Pods_FoursquareARCamera.framework */ = {isa = PBXFileReference; explicitFileType = wrapper.framework; path = Pods_FoursquareARCamera.framework; sourceTree = BUILT_PRODUCTS_DIR; };
		C360F7E31F7EAF8100486670 /* MBXCompassMapView.swift */ = {isa = PBXFileReference; lastKnownFileType = sourcecode.swift; path = MBXCompassMapView.swift; sourceTree = "<group>"; };
/* End PBXFileReference section */

/* Begin PBXFrameworksBuildPhase section */
		49A3FBD51F09988100AA59C8 /* Frameworks */ = {
			isa = PBXFrameworksBuildPhase;
			buildActionMask = 2147483647;
			files = (
				C360F7E11F7EAEDB00486670 /* Pods_FoursquareARCamera.framework in Frameworks */,
			);
			runOnlyForDeploymentPostprocessing = 0;
		};
/* End PBXFrameworksBuildPhase section */

/* Begin PBXGroup section */
		49A3FBCF1F09988100AA59C8 = {
			isa = PBXGroup;
			children = (
				49A3FBDA1F09988100AA59C8 /* FoursquareARCamera */,
				49A3FBD91F09988100AA59C8 /* Products */,
				5F8D9F16076E5CEBAA727F10 /* Pods */,
				F2E2E005FD78BDD52B0F8A94 /* Frameworks */,
			);
			sourceTree = "<group>";
		};
		49A3FBD91F09988100AA59C8 /* Products */ = {
			isa = PBXGroup;
			children = (
				49A3FBD81F09988100AA59C8 /* FoursquareARCamera.app */,
			);
			name = Products;
			sourceTree = "<group>";
		};
		49A3FBDA1F09988100AA59C8 /* FoursquareARCamera */ = {
			isa = PBXGroup;
			children = (
				49A3FBF31F099A4A00AA59C8 /* Source */,
				49A3FBDB1F09988100AA59C8 /* AppDelegate.swift */,
				49A3FBDF1F09988100AA59C8 /* ViewController.swift */,
				49A3FBE61F09988100AA59C8 /* LaunchScreen.storyboard */,
				49A3FBE91F09988100AA59C8 /* Info.plist */,
			);
			path = FoursquareARCamera;
			sourceTree = "<group>";
		};
		49A3FBF31F099A4A00AA59C8 /* Source */ = {
			isa = PBXGroup;
			children = (
				C3452AED1F30E8F300389E0A /* Assets.xcassets */,
				C3452AE91F2FBD3700389E0A /* Views */,
				49A3FBF61F099C8100AA59C8 /* SceneLocationView.swift */,
				49A3FBFE1F09B1D200AA59C8 /* LocationNode.swift */,
				C3452AEA1F2FBD7100389E0A /* UIImage-Extension.swift */,
				49A3FC001F09B9CF00AA59C8 /* SceneLocationEstimate.swift */,
				4901EF041F1B7D560067870D /* SceneLocationEstimate+Extensions.swift */,
				49A3FBF41F099A5F00AA59C8 /* LocationManager.swift */,
				49A3FBFC1F09B00400AA59C8 /* CLLocation+Extensions.swift */,
				49099E381F24BAE5007B76FD /* SCNVector3+Extensions.swift */,
				C360F7E31F7EAF8100486670 /* MBXCompassMapView.swift */,
				A475237C2103BBF600AA72A1 /* Helpers */,
				49A3FC021F09BADB00AA59C8 /* FloatingPoint+Radians.swift */,
				49A3FC041F0A423800AA59C8 /* CGPoint+Extensions.swift */,
				49D206F21F124BDD00D7D622 /* SCNNode+Extensions.swift */,
			);
			path = Source;
			sourceTree = "<group>";
		};
		5F8D9F16076E5CEBAA727F10 /* Pods */ = {
			isa = PBXGroup;
			children = (
				359749B04AFDD68C056A44D3 /* Pods-FoursquareARCamera.debug.xcconfig */,
				6014FD86770301DB285D988E /* Pods-FoursquareARCamera.release.xcconfig */,
			);
			name = Pods;
			sourceTree = "<group>";
		};
		C3452AE91F2FBD3700389E0A /* Views */ = {
			isa = PBXGroup;
			children = (
				C3452AE51F2F9F7700389E0A /* FSQView.xib */,
				C3452AE71F2FBD2600389E0A /* FSQView.swift */,
			);
			path = Views;
			sourceTree = "<group>";
		};
		F2E2E005FD78BDD52B0F8A94 /* Frameworks */ = {
			isa = PBXGroup;
			children = (
				C360F7E21F7EAEDB00486670 /* Pods_FoursquareARCamera.framework */,
				C3452AEC1F2FBF3A00389E0A /* QuartzCore.framework */,
				6C10523EF85AA6B7CDF962AD /* Pods_ARKit_CoreLocation.framework */,
				538ACD0633ADC285954D8A5D /* Pods_FoursquareARCamera.framework */,
			);
			name = Frameworks;
			sourceTree = "<group>";
		};
/* End PBXGroup section */

/* Begin PBXNativeTarget section */
		49A3FBD71F09988100AA59C8 /* FoursquareARCamera */ = {
			isa = PBXNativeTarget;
			buildConfigurationList = 49A3FBEC1F09988100AA59C8 /* Build configuration list for PBXNativeTarget "FoursquareARCamera" */;
			buildPhases = (
				63B0FABA6912CCD1470FF302 /* [CP] Check Pods Manifest.lock */,
				49A3FBD41F09988100AA59C8 /* Sources */,
				49A3FBD51F09988100AA59C8 /* Frameworks */,
				49A3FBD61F09988100AA59C8 /* Resources */,
				B912B23DE2753A7230AC73FF /* [CP] Embed Pods Frameworks */,
			);
			buildRules = (
			);
			dependencies = (
			);
			name = FoursquareARCamera;
			productName = "ARKit+CoreLocation";
			productReference = 49A3FBD81F09988100AA59C8 /* FoursquareARCamera.app */;
			productType = "com.apple.product-type.application";
		};
/* End PBXNativeTarget section */

/* Begin PBXProject section */
		49A3FBD01F09988100AA59C8 /* Project object */ = {
			isa = PBXProject;
			attributes = {
				LastSwiftUpdateCheck = 0900;
				LastUpgradeCheck = 0940;
				ORGANIZATIONNAME = "Project Dent";
				TargetAttributes = {
					49A3FBD71F09988100AA59C8 = {
						CreatedOnToolsVersion = 9.0;
					};
				};
			};
			buildConfigurationList = 49A3FBD31F09988100AA59C8 /* Build configuration list for PBXProject "FoursquareARCamera" */;
			compatibilityVersion = "Xcode 8.0";
			developmentRegion = en;
			hasScannedForEncodings = 0;
			knownRegions = (
				en,
				Base,
			);
			mainGroup = 49A3FBCF1F09988100AA59C8;
			productRefGroup = 49A3FBD91F09988100AA59C8 /* Products */;
			projectDirPath = "";
			projectRoot = "";
			targets = (
				49A3FBD71F09988100AA59C8 /* FoursquareARCamera */,
			);
		};
/* End PBXProject section */

/* Begin PBXResourcesBuildPhase section */
		49A3FBD61F09988100AA59C8 /* Resources */ = {
			isa = PBXResourcesBuildPhase;
			buildActionMask = 2147483647;
			files = (
				C3452AEE1F30E8F300389E0A /* Assets.xcassets in Resources */,
				C3452AE61F2F9F7700389E0A /* FSQView.xib in Resources */,
				A475237D2103BBF700AA72A1 /* Helpers in Resources */,
				49A3FBE81F09988100AA59C8 /* LaunchScreen.storyboard in Resources */,
			);
			runOnlyForDeploymentPostprocessing = 0;
		};
/* End PBXResourcesBuildPhase section */

/* Begin PBXShellScriptBuildPhase section */
		63B0FABA6912CCD1470FF302 /* [CP] Check Pods Manifest.lock */ = {
			isa = PBXShellScriptBuildPhase;
			buildActionMask = 12;
			files = (
			);
			inputPaths = (
				"${PODS_PODFILE_DIR_PATH}/Podfile.lock",
				"${PODS_ROOT}/Manifest.lock",
			);
			name = "[CP] Check Pods Manifest.lock";
			outputPaths = (
				"$(DERIVED_FILE_DIR)/Pods-FoursquareARCamera-checkManifestLockResult.txt",
			);
			runOnlyForDeploymentPostprocessing = 0;
			shellPath = /bin/sh;
			shellScript = "diff \"${PODS_PODFILE_DIR_PATH}/Podfile.lock\" \"${PODS_ROOT}/Manifest.lock\" > /dev/null\nif [ $? != 0 ] ; then\n    # print error to STDERR\n    echo \"error: The sandbox is not in sync with the Podfile.lock. Run 'pod install' or update your CocoaPods installation.\" >&2\n    exit 1\nfi\n# This output is used by Xcode 'outputs' to avoid re-running this script phase.\necho \"SUCCESS\" > \"${SCRIPT_OUTPUT_FILE_0}\"\n";
			showEnvVarsInLog = 0;
		};
		B912B23DE2753A7230AC73FF /* [CP] Embed Pods Frameworks */ = {
			isa = PBXShellScriptBuildPhase;
			buildActionMask = 2147483647;
			files = (
			);
			inputPaths = (
				"${SRCROOT}/Pods/Target Support Files/Pods-FoursquareARCamera/Pods-FoursquareARCamera-frameworks.sh",
				"${BUILT_PRODUCTS_DIR}/Alamofire/Alamofire.framework",
				"${BUILT_PRODUCTS_DIR}/AlamofireSwiftyJSON/AlamofireSwiftyJSON.framework",
				"${BUILT_PRODUCTS_DIR}/CocoaLumberjack/CocoaLumberjack.framework",
				"${PODS_ROOT}/Mapbox-iOS-SDK/dynamic/Mapbox.framework",
				"${PODS_ROOT}/Mapbox-iOS-SDK/dynamic/Mapbox.framework.dSYM",
				"${BUILT_PRODUCTS_DIR}/ReachabilitySwift/Reachability.framework",
				"${BUILT_PRODUCTS_DIR}/SwiftyJSON/SwiftyJSON.framework",
			);
			name = "[CP] Embed Pods Frameworks";
			outputPaths = (
				"${TARGET_BUILD_DIR}/${FRAMEWORKS_FOLDER_PATH}/Alamofire.framework",
				"${TARGET_BUILD_DIR}/${FRAMEWORKS_FOLDER_PATH}/AlamofireSwiftyJSON.framework",
				"${TARGET_BUILD_DIR}/${FRAMEWORKS_FOLDER_PATH}/CocoaLumberjack.framework",
				"${TARGET_BUILD_DIR}/${FRAMEWORKS_FOLDER_PATH}/Mapbox.framework",
				"${DWARF_DSYM_FOLDER_PATH}/Mapbox.framework.dSYM",
				"${TARGET_BUILD_DIR}/${FRAMEWORKS_FOLDER_PATH}/Reachability.framework",
				"${TARGET_BUILD_DIR}/${FRAMEWORKS_FOLDER_PATH}/SwiftyJSON.framework",
			);
			runOnlyForDeploymentPostprocessing = 0;
			shellPath = /bin/sh;
			shellScript = "\"${SRCROOT}/Pods/Target Support Files/Pods-FoursquareARCamera/Pods-FoursquareARCamera-frameworks.sh\"\n";
			showEnvVarsInLog = 0;
		};
/* End PBXShellScriptBuildPhase section */

/* Begin PBXSourcesBuildPhase section */
		49A3FBD41F09988100AA59C8 /* Sources */ = {
			isa = PBXSourcesBuildPhase;
			buildActionMask = 2147483647;
			files = (
				A4A70ECE2103D8FF00AED75C /* AppDelegate.swift in Sources */,
				A4A70ECF2103D8FF00AED75C /* ViewController.swift in Sources */,
				A475238D2103D1F700AA72A1 /* FSQView.swift in Sources */,
				A47523802103CC1D00AA72A1 /* SceneLocationView.swift in Sources */,
				A47523812103CC1D00AA72A1 /* LocationNode.swift in Sources */,
				A47523822103CC1D00AA72A1 /* UIImage-Extension.swift in Sources */,
				A47523832103CC1D00AA72A1 /* SceneLocationEstimate.swift in Sources */,
				A47523842103CC1D00AA72A1 /* SceneLocationEstimate+Extensions.swift in Sources */,
				A47523852103CC1D00AA72A1 /* LocationManager.swift in Sources */,
				A47523862103CC1D00AA72A1 /* CLLocation+Extensions.swift in Sources */,
				A47523872103CC1D00AA72A1 /* SCNVector3+Extensions.swift in Sources */,
				A47523882103CC1D00AA72A1 /* MBXCompassMapView.swift in Sources */,
				A475238A2103CC1D00AA72A1 /* FloatingPoint+Radians.swift in Sources */,
				A475238B2103CC1D00AA72A1 /* CGPoint+Extensions.swift in Sources */,
				A475238C2103CC1D00AA72A1 /* SCNNode+Extensions.swift in Sources */,
			);
			runOnlyForDeploymentPostprocessing = 0;
		};
/* End PBXSourcesBuildPhase section */

/* Begin PBXVariantGroup section */
		49A3FBE61F09988100AA59C8 /* LaunchScreen.storyboard */ = {
			isa = PBXVariantGroup;
			children = (
				49A3FBE71F09988100AA59C8 /* Base */,
			);
			name = LaunchScreen.storyboard;
			sourceTree = "<group>";
		};
/* End PBXVariantGroup section */

/* Begin XCBuildConfiguration section */
		49A3FBEA1F09988100AA59C8 /* Debug */ = {
			isa = XCBuildConfiguration;
			buildSettings = {
				ALWAYS_SEARCH_USER_PATHS = NO;
				CLANG_ANALYZER_NONNULL = YES;
				CLANG_ANALYZER_NUMBER_OBJECT_CONVERSION = YES_AGGRESSIVE;
				CLANG_CXX_LANGUAGE_STANDARD = "gnu++14";
				CLANG_CXX_LIBRARY = "libc++";
				CLANG_ENABLE_MODULES = YES;
				CLANG_ENABLE_OBJC_ARC = YES;
				CLANG_WARN_BLOCK_CAPTURE_AUTORELEASING = YES;
				CLANG_WARN_BOOL_CONVERSION = YES;
				CLANG_WARN_COMMA = YES;
				CLANG_WARN_CONSTANT_CONVERSION = YES;
				CLANG_WARN_DEPRECATED_OBJC_IMPLEMENTATIONS = YES;
				CLANG_WARN_DIRECT_OBJC_ISA_USAGE = YES_ERROR;
				CLANG_WARN_DOCUMENTATION_COMMENTS = YES;
				CLANG_WARN_EMPTY_BODY = YES;
				CLANG_WARN_ENUM_CONVERSION = YES;
				CLANG_WARN_INFINITE_RECURSION = YES;
				CLANG_WARN_INT_CONVERSION = YES;
				CLANG_WARN_NON_LITERAL_NULL_CONVERSION = YES;
				CLANG_WARN_OBJC_IMPLICIT_RETAIN_SELF = YES;
				CLANG_WARN_OBJC_LITERAL_CONVERSION = YES;
				CLANG_WARN_OBJC_ROOT_CLASS = YES_ERROR;
				CLANG_WARN_RANGE_LOOP_ANALYSIS = YES;
				CLANG_WARN_STRICT_PROTOTYPES = YES;
				CLANG_WARN_SUSPICIOUS_MOVE = YES;
				CLANG_WARN_UNGUARDED_AVAILABILITY = YES_AGGRESSIVE;
				CLANG_WARN_UNREACHABLE_CODE = YES;
				CLANG_WARN__DUPLICATE_METHOD_MATCH = YES;
				CODE_SIGN_IDENTITY = "iPhone Developer";
				COPY_PHASE_STRIP = NO;
				DEBUG_INFORMATION_FORMAT = dwarf;
				ENABLE_STRICT_OBJC_MSGSEND = YES;
				ENABLE_TESTABILITY = YES;
				GCC_C_LANGUAGE_STANDARD = gnu11;
				GCC_DYNAMIC_NO_PIC = NO;
				GCC_NO_COMMON_BLOCKS = YES;
				GCC_OPTIMIZATION_LEVEL = 0;
				GCC_PREPROCESSOR_DEFINITIONS = (
					"DEBUG=1",
					"$(inherited)",
				);
				GCC_WARN_64_TO_32_BIT_CONVERSION = YES;
				GCC_WARN_ABOUT_RETURN_TYPE = YES_ERROR;
				GCC_WARN_UNDECLARED_SELECTOR = YES;
				GCC_WARN_UNINITIALIZED_AUTOS = YES_AGGRESSIVE;
				GCC_WARN_UNUSED_FUNCTION = YES;
				GCC_WARN_UNUSED_VARIABLE = YES;
				IPHONEOS_DEPLOYMENT_TARGET = 11.0;
				MTL_ENABLE_DEBUG_INFO = YES;
				ONLY_ACTIVE_ARCH = YES;
				SDKROOT = iphoneos;
				SWIFT_ACTIVE_COMPILATION_CONDITIONS = DEBUG;
				SWIFT_OPTIMIZATION_LEVEL = "-Onone";
			};
			name = Debug;
		};
		49A3FBEB1F09988100AA59C8 /* Release */ = {
			isa = XCBuildConfiguration;
			buildSettings = {
				ALWAYS_SEARCH_USER_PATHS = NO;
				CLANG_ANALYZER_NONNULL = YES;
				CLANG_ANALYZER_NUMBER_OBJECT_CONVERSION = YES_AGGRESSIVE;
				CLANG_CXX_LANGUAGE_STANDARD = "gnu++14";
				CLANG_CXX_LIBRARY = "libc++";
				CLANG_ENABLE_MODULES = YES;
				CLANG_ENABLE_OBJC_ARC = YES;
				CLANG_WARN_BLOCK_CAPTURE_AUTORELEASING = YES;
				CLANG_WARN_BOOL_CONVERSION = YES;
				CLANG_WARN_COMMA = YES;
				CLANG_WARN_CONSTANT_CONVERSION = YES;
				CLANG_WARN_DEPRECATED_OBJC_IMPLEMENTATIONS = YES;
				CLANG_WARN_DIRECT_OBJC_ISA_USAGE = YES_ERROR;
				CLANG_WARN_DOCUMENTATION_COMMENTS = YES;
				CLANG_WARN_EMPTY_BODY = YES;
				CLANG_WARN_ENUM_CONVERSION = YES;
				CLANG_WARN_INFINITE_RECURSION = YES;
				CLANG_WARN_INT_CONVERSION = YES;
				CLANG_WARN_NON_LITERAL_NULL_CONVERSION = YES;
				CLANG_WARN_OBJC_IMPLICIT_RETAIN_SELF = YES;
				CLANG_WARN_OBJC_LITERAL_CONVERSION = YES;
				CLANG_WARN_OBJC_ROOT_CLASS = YES_ERROR;
				CLANG_WARN_RANGE_LOOP_ANALYSIS = YES;
				CLANG_WARN_STRICT_PROTOTYPES = YES;
				CLANG_WARN_SUSPICIOUS_MOVE = YES;
				CLANG_WARN_UNGUARDED_AVAILABILITY = YES_AGGRESSIVE;
				CLANG_WARN_UNREACHABLE_CODE = YES;
				CLANG_WARN__DUPLICATE_METHOD_MATCH = YES;
				CODE_SIGN_IDENTITY = "iPhone Developer";
				COPY_PHASE_STRIP = NO;
				DEBUG_INFORMATION_FORMAT = "dwarf-with-dsym";
				ENABLE_NS_ASSERTIONS = NO;
				ENABLE_STRICT_OBJC_MSGSEND = YES;
				GCC_C_LANGUAGE_STANDARD = gnu11;
				GCC_NO_COMMON_BLOCKS = YES;
				GCC_WARN_64_TO_32_BIT_CONVERSION = YES;
				GCC_WARN_ABOUT_RETURN_TYPE = YES_ERROR;
				GCC_WARN_UNDECLARED_SELECTOR = YES;
				GCC_WARN_UNINITIALIZED_AUTOS = YES_AGGRESSIVE;
				GCC_WARN_UNUSED_FUNCTION = YES;
				GCC_WARN_UNUSED_VARIABLE = YES;
				IPHONEOS_DEPLOYMENT_TARGET = 11.0;
				MTL_ENABLE_DEBUG_INFO = NO;
				SDKROOT = iphoneos;
				SWIFT_OPTIMIZATION_LEVEL = "-Owholemodule";
				VALIDATE_PRODUCT = YES;
			};
			name = Release;
		};
		49A3FBED1F09988100AA59C8 /* Debug */ = {
			isa = XCBuildConfiguration;
			baseConfigurationReference = 359749B04AFDD68C056A44D3 /* Pods-FoursquareARCamera.debug.xcconfig */;
			buildSettings = {
				ASSETCATALOG_COMPILER_APPICON_NAME = AppIcon;
				DEVELOPMENT_TEAM = XZ5B49F6KT;
				"HEADER_SEARCH_PATHS[arch=*]" = "";
				INFOPLIST_FILE = "$(SRCROOT)/FoursquareARCamera/Info.plist";
				LD_RUNPATH_SEARCH_PATHS = "$(inherited) @executable_path/Frameworks";
				PRODUCT_BUNDLE_IDENTIFIER = "Foursquare.ARKit-CoreLocation";
				PRODUCT_NAME = "$(TARGET_NAME)";
				SWIFT_VERSION = 4.0;
				TARGETED_DEVICE_FAMILY = "1,2";
			};
			name = Debug;
		};
		49A3FBEE1F09988100AA59C8 /* Release */ = {
			isa = XCBuildConfiguration;
			baseConfigurationReference = 6014FD86770301DB285D988E /* Pods-FoursquareARCamera.release.xcconfig */;
			buildSettings = {
				ASSETCATALOG_COMPILER_APPICON_NAME = AppIcon;
				DEVELOPMENT_TEAM = XZ5B49F6KT;
				INFOPLIST_FILE = "$(SRCROOT)/FoursquareARCamera/Info.plist";
				LD_RUNPATH_SEARCH_PATHS = "$(inherited) @executable_path/Frameworks";
				PRODUCT_BUNDLE_IDENTIFIER = "Foursquare.ARKit-CoreLocation";
				PRODUCT_NAME = "$(TARGET_NAME)";
				SWIFT_VERSION = 4.0;
				TARGETED_DEVICE_FAMILY = "1,2";
			};
			name = Release;
		};
/* End XCBuildConfiguration section */

/* Begin XCConfigurationList section */
		49A3FBD31F09988100AA59C8 /* Build configuration list for PBXProject "FoursquareARCamera" */ = {
			isa = XCConfigurationList;
			buildConfigurations = (
				49A3FBEA1F09988100AA59C8 /* Debug */,
				49A3FBEB1F09988100AA59C8 /* Release */,
			);
			defaultConfigurationIsVisible = 0;
			defaultConfigurationName = Release;
		};
		49A3FBEC1F09988100AA59C8 /* Build configuration list for PBXNativeTarget "FoursquareARCamera" */ = {
			isa = XCConfigurationList;
			buildConfigurations = (
				49A3FBED1F09988100AA59C8 /* Debug */,
				49A3FBEE1F09988100AA59C8 /* Release */,
			);
			defaultConfigurationIsVisible = 0;
			defaultConfigurationName = Release;
		};
/* End XCConfigurationList section */
	};
	rootObject = 49A3FBD01F09988100AA59C8 /* Project object */;
}
